
Microsoft Visual Studio Solution File, Format Version 12.00
# Visual Studio Version 17
VisualStudioVersion = 17.0.31903.59
MinimumVisualStudioVersion = 10.0.40219.1
Project("{FAE04EC0-301F-11D3-BF4B-00C04F79EFBC}") = "Lms.Core", "Lms.Core\Lms.Core.csproj", "{201CE4E0-CCFE-4A01-88AC-3E4DAC7E2E85}"
EndProject
Project("{FAE04EC0-301F-11D3-BF4B-00C04F79EFBC}") = "Lms.Application", "Lms.Application\Lms.Application.csproj", "{B612FD56-4911-49CD-857B-BC6AE353D2EE}"
EndProject
Project("{FAE04EC0-301F-11D3-BF4B-00C04F79EFBC}") = "Lms.Infrastructure", "Lms.Infrastructure\Lms.Infrastructure.csproj", "{6B4440A2-FF9F-43F7-9640-EB85F1D13325}"
EndProject
Project("{FAE04EC0-301F-11D3-BF4B-00C04F79EFBC}") = "Lms.Web", "Lms.Web\Lms.Web.csproj", "{FA24D864-9611-45FD-BCFC-C4A580928699}"
EndProject
Global
	GlobalSection(SolutionConfigurationPlatforms) = preSolution
		Debug|Any CPU = Debug|Any CPU
		Debug|x64 = Debug|x64
		Debug|x86 = Debug|x86
		Release|Any CPU = Release|Any CPU
		Release|x64 = Release|x64
		Release|x86 = Release|x86
	EndGlobalSection
	GlobalSection(ProjectConfigurationPlatforms) = postSolution
		{201CE4E0-CCFE-4A01-88AC-3E4DAC7E2E85}.Debug|Any CPU.ActiveCfg = Debug|Any CPU
		{201CE4E0-CCFE-4A01-88AC-3E4DAC7E2E85}.Debug|Any CPU.Build.0 = Debug|Any CPU
		{201CE4E0-CCFE-4A01-88AC-3E4DAC7E2E85}.Debug|x64.ActiveCfg = Debug|Any CPU
		{201CE4E0-CCFE-4A01-88AC-3E4DAC7E2E85}.Debug|x64.Build.0 = Debug|Any CPU
		{201CE4E0-CCFE-4A01-88AC-3E4DAC7E2E85}.Debug|x86.ActiveCfg = Debug|Any CPU
		{201CE4E0-CCFE-4A01-88AC-3E4DAC7E2E85}.Debug|x86.Build.0 = Debug|Any CPU
		{201CE4E0-CCFE-4A01-88AC-3E4DAC7E2E85}.Release|Any CPU.ActiveCfg = Release|Any CPU
		{201CE4E0-CCFE-4A01-88AC-3E4DAC7E2E85}.Release|Any CPU.Build.0 = Release|Any CPU
		{201CE4E0-CCFE-4A01-88AC-3E4DAC7E2E85}.Release|x64.ActiveCfg = Release|Any CPU
		{201CE4E0-CCFE-4A01-88AC-3E4DAC7E2E85}.Release|x64.Build.0 = Release|Any CPU
		{201CE4E0-CCFE-4A01-88AC-3E4DAC7E2E85}.Release|x86.ActiveCfg = Release|Any CPU
		{201CE4E0-CCFE-4A01-88AC-3E4DAC7E2E85}.Release|x86.Build.0 = Release|Any CPU
		{B612FD56-4911-49CD-857B-BC6AE353D2EE}.Debug|Any CPU.ActiveCfg = Debug|Any CPU
		{B612FD56-4911-49CD-857B-BC6AE353D2EE}.Debug|Any CPU.Build.0 = Debug|Any CPU
		{B612FD56-4911-49CD-857B-BC6AE353D2EE}.Debug|x64.ActiveCfg = Debug|Any CPU
		{B612FD56-4911-49CD-857B-BC6AE353D2EE}.Debug|x64.Build.0 = Debug|Any CPU
		{B612FD56-4911-49CD-857B-BC6AE353D2EE}.Debug|x86.ActiveCfg = Debug|Any CPU
		{B612FD56-4911-49CD-857B-BC6AE353D2EE}.Debug|x86.Build.0 = Debug|Any CPU
		{B612FD56-4911-49CD-857B-BC6AE353D2EE}.Release|Any CPU.ActiveCfg = Release|Any CPU
		{B612FD56-4911-49CD-857B-BC6AE353D2EE}.Release|Any CPU.Build.0 = Release|Any CPU
		{B612FD56-4911-49CD-857B-BC6AE353D2EE}.Release|x64.ActiveCfg = Release|Any CPU
		{B612FD56-4911-49CD-857B-BC6AE353D2EE}.Release|x64.Build.0 = Release|Any CPU
		{B612FD56-4911-49CD-857B-BC6AE353D2EE}.Release|x86.ActiveCfg = Release|Any CPU
		{B612FD56-4911-49CD-857B-BC6AE353D2EE}.Release|x86.Build.0 = Release|Any CPU
		{6B4440A2-FF9F-43F7-9640-EB85F1D13325}.Debug|Any CPU.ActiveCfg = Debug|Any CPU
		{6B4440A2-FF9F-43F7-9640-EB85F1D13325}.Debug|Any CPU.Build.0 = Debug|Any CPU
		{6B4440A2-FF9F-43F7-9640-EB85F1D13325}.Debug|x64.ActiveCfg = Debug|Any CPU
		{6B4440A2-FF9F-43F7-9640-EB85F1D13325}.Debug|x64.Build.0 = Debug|Any CPU
		{6B4440A2-FF9F-43F7-9640-EB85F1D13325}.Debug|x86.ActiveCfg = Debug|Any CPU
		{6B4440A2-FF9F-43F7-9640-EB85F1D13325}.Debug|x86.Build.0 = Debug|Any CPU
		{6B4440A2-FF9F-43F7-9640-EB85F1D13325}.Release|Any CPU.ActiveCfg = Release|Any CPU
		{6B4440A2-FF9F-43F7-9640-EB85F1D13325}.Release|Any CPU.Build.0 = Release|Any CPU
		{6B4440A2-FF9F-43F7-9640-EB85F1D13325}.Release|x64.ActiveCfg = Release|Any CPU
		{6B4440A2-FF9F-43F7-9640-EB85F1D13325}.Release|x64.Build.0 = Release|Any CPU
		{6B4440A2-FF9F-43F7-9640-EB85F1D13325}.Release|x86.ActiveCfg = Release|Any CPU
		{6B4440A2-FF9F-43F7-9640-EB85F1D13325}.Release|x86.Build.0 = Release|Any CPU
		{FA24D864-9611-45FD-BCFC-C4A580928699}.Debug|Any CPU.ActiveCfg = Debug|Any CPU
		{FA24D864-9611-45FD-BCFC-C4A580928699}.Debug|Any CPU.Build.0 = Debug|Any CPU
		{FA24D864-9611-45FD-BCFC-C4A580928699}.Debug|x64.ActiveCfg = Debug|Any CPU
		{FA24D864-9611-45FD-BCFC-C4A580928699}.Debug|x64.Build.0 = Debug|Any CPU
		{FA24D864-9611-45FD-BCFC-C4A580928699}.Debug|x86.ActiveCfg = Debug|Any CPU
		{FA24D864-9611-45FD-BCFC-C4A580928699}.Debug|x86.Build.0 = Debug|Any CPU
		{FA24D864-9611-45FD-BCFC-C4A580928699}.Release|Any CPU.ActiveCfg = Release|Any CPU
		{FA24D864-9611-45FD-BCFC-C4A580928699}.Release|Any CPU.Build.0 = Release|Any CPU
		{FA24D864-9611-45FD-BCFC-C4A580928699}.Release|x64.ActiveCfg = Release|Any CPU
		{FA24D864-9611-45FD-BCFC-C4A580928699}.Release|x64.Build.0 = Release|Any CPU
		{FA24D864-9611-45FD-BCFC-C4A580928699}.Release|x86.ActiveCfg = Release|Any CPU
		{FA24D864-9611-45FD-BCFC-C4A580928699}.Release|x86.Build.0 = Release|Any CPU
	EndGlobalSection
	GlobalSection(SolutionProperties) = preSolution
		HideSolutionNode = FALSE
	EndGlobalSection
EndGlobal
